{
  "name": "@lxfater/ai-bridge",
  "version": "1.0.1",
  "lockfileVersion": 2,
  "requires": true,
  "packages": {
    "": {
      "name": "@lxfater/ai-bridge",
      "version": "1.0.1",
      "license": "ISC",
      "dependencies": {
        "eventsource-parser": "^0.1.0",
        "expiry-map": "^2.0.0",
        "uuid": "^9.0.0"
      },
      "devDependencies": {
        "@types/uuid": "^9.0.0",
        "typescript": "^4.9.5"
      }
    },
    "node_modules/@types/uuid": {
      "version": "9.0.1",
      "resolved": "https://registry.npmjs.org/@types/uuid/-/uuid-9.0.1.tgz",
      "integrity": "sha512-rFT3ak0/2trgvp4yYZo5iKFEPsET7vKydKF+VRCxlQ9bpheehyAJH89dAkaLEq/j/RZXJIqcgsmPJKUP1Z28HA==",
      "dev": true
    },
    "node_modules/eventsource-parser": {
      "version": "0.1.0",
      "resolved": "https://registry.npmjs.org/eventsource-parser/-/eventsource-parser-0.1.0.tgz",
      "integrity": "sha512-M9QjFtEIkwytUarnx113HGmgtk52LSn3jNAtnWKi3V+b9rqSfQeVdLsaD5AG/O4IrGQwmAAHBIsqbmURPTd2rA==",
      "engines": {
        "node": ">=14.18"
      }
    },
    "node_modules/expiry-map": {
      "version": "2.0.0",
      "resolved": "https://registry.npmjs.org/expiry-map/-/expiry-map-2.0.0.tgz",
      "integrity": "sha512-K1I5wJe2fiqjyUZf/xhxwTpaopw3F+19DsO7Oggl20+3SVTXDIevVRJav0aBMfposQdkl2E4+gnuOKd3j2X0sA==",
      "dependencies": {
        "map-age-cleaner": "^0.2.0"
      },
      "engines": {
        "node": ">=8"
      }
    },
    "node_modules/map-age-cleaner": {
      "version": "0.2.0",
      "resolved": "https://registry.npmjs.org/map-age-cleaner/-/map-age-cleaner-0.2.0.tgz",
      "integrity": "sha512-AvxTC6id0fzSf6OyNBTp1syyCuKO7nOJvHgYlhT0Qkkjvk40zZo+av3ayVgXlxnF/DxEzEfY9mMdd7FHsd+wKQ==",
      "dependencies": {
        "p-defer": "^1.0.0"
      },
      "engines": {
        "node": ">=7.6"
      }
    },
    "node_modules/p-defer": {
      "version": "1.0.0",
      "resolved": "https://registry.npmjs.org/p-defer/-/p-defer-1.0.0.tgz",
      "integrity": "sha512-wB3wfAxZpk2AzOfUMJNL+d36xothRSyj8EXOa4f6GMqYDN9BJaaSISbsk+wS9abmnebVw95C2Kb5t85UmpCxuw==",
      "engines": {
        "node": ">=4"
      }
    },
    "node_modules/typescript": {
      "version": "4.9.5",
      "resolved": "https://registry.npmjs.org/typescript/-/typescript-4.9.5.tgz",
      "integrity": "sha512-1FXk9E2Hm+QzZQ7z+McJiHL4NW1F2EzMu9Nq9i3zAaGqibafqYwCVU6WyWAuyQRRzOlxou8xZSyXLEN8oKj24g==",
      "dev": true,
      "bin": {
        "tsc": "bin/tsc",
        "tsserver": "bin/tsserver"
      },
      "engines": {
        "node": ">=4.2.0"
      }
    },
    "node_modules/uuid": {
      "version": "9.0.0",
      "resolved": "https://registry.npmjs.org/uuid/-/uuid-9.0.0.tgz",
      "integrity": "sha512-MXcSTerfPa4uqyzStbRoTgt5XIe3x5+42+q1sDuy3R5MDk66URdLMOZe5aPX/SQd+kuYAh0FdP/pO28IkQyTeg==",
      "bin": {
        "uuid": "dist/bin/uuid"
      }
    }
  },
  "dependencies": {
    "@types/uuid": {
      "version": "9.0.1",
      "resolved": "https://registry.npmjs.org/@types/uuid/-/uuid-9.0.1.tgz",
      "integrity": "sha512-rFT3ak0/2trgvp4yYZo5iKFEPsET7vKydKF+VRCxlQ9bpheehyAJH89dAkaLEq/j/RZXJIqcgsmPJKUP1Z28HA==",
      "dev": true
    },
    "eventsource-parser": {
      "version": "0.1.0",
      "resolved": "https://registry.npmjs.org/eventsource-parser/-/eventsource-parser-0.1.0.tgz",
      "integrity": "sha512-M9QjFtEIkwytUarnx113HGmgtk52LSn3jNAtnWKi3V+b9rqSfQeVdLsaD5AG/O4IrGQwmAAHBIsqbmURPTd2rA=="
    },
    "expiry-map": {
      "version": "2.0.0",
      "resolved": "https://registry.npmjs.org/expiry-map/-/expiry-map-2.0.0.tgz",
      "integrity": "sha512-K1I5wJe2fiqjyUZf/xhxwTpaopw3F+19DsO7Oggl20+3SVTXDIevVRJav0aBMfposQdkl2E4+gnuOKd3j2X0sA==",
      "requires": {
        "map-age-cleaner": "^0.2.0"
      }
    },
    "map-age-cleaner": {
      "version": "0.2.0",
      "resolved": "https://registry.npmjs.org/map-age-cleaner/-/map-age-cleaner-0.2.0.tgz",
      "integrity": "sha512-AvxTC6id0fzSf6OyNBTp1syyCuKO7nOJvHgYlhT0Qkkjvk40zZo+av3ayVgXlxnF/DxEzEfY9mMdd7FHsd+wKQ==",
      "requires": {
        "p-defer": "^1.0.0"
      }
    },
    "p-defer": {
      "version": "1.0.0",
      "resolved": "https://registry.npmjs.org/p-defer/-/p-defer-1.0.0.tgz",
      "integrity": "sha512-wB3wfAxZpk2AzOfUMJNL+d36xothRSyj8EXOa4f6GMqYDN9BJaaSISbsk+wS9abmnebVw95C2Kb5t85UmpCxuw=="
    },
    "typescript": {
      "version": "4.9.5",
      "resolved": "https://registry.npmjs.org/typescript/-/typescript-4.9.5.tgz",
      "integrity": "sha512-1FXk9E2Hm+QzZQ7z+McJiHL4NW1F2EzMu9Nq9i3zAaGqibafqYwCVU6WyWAuyQRRzOlxou8xZSyXLEN8oKj24g==",
      "dev": true
    },
    "uuid": {
      "version": "9.0.0",
      "resolved": "https://registry.npmjs.org/uuid/-/uuid-9.0.0.tgz",
      "integrity": "sha512-MXcSTerfPa4uqyzStbRoTgt5XIe3x5+42+q1sDuy3R5MDk66URdLMOZe5aPX/SQd+kuYAh0FdP/pO28IkQyTeg=="
    }
  }
}
